// !$*UTF8*$!
{
	archiveVersion = 1;
	classes = {
	};
	objectVersion = 56;
	objects = {

/* Begin PBXBuildFile section */
		CF2916B52C5BA5BD001780F4 /* SudokuApp.swift in Sources */ = {isa = PBXBuildFile; fileRef = CF2916B42C5BA5BD001780F4 /* SudokuApp.swift */; };
		CF2916B72C5BA5BD001780F4 /* ContentView.swift in Sources */ = {isa = PBXBuildFile; fileRef = CF2916B62C5BA5BD001780F4 /* ContentView.swift */; };
		CF2916B92C5BA5BF001780F4 /* Assets.xcassets in Resources */ = {isa = PBXBuildFile; fileRef = CF2916B82C5BA5BF001780F4 /* Assets.xcassets */; };
		CF2916BC2C5BA5BF001780F4 /* Preview Assets.xcassets in Resources */ = {isa = PBXBuildFile; fileRef = CF2916BB2C5BA5BF001780F4 /* Preview Assets.xcassets */; };
		CF2916C72C5BA756001780F4 /* SudokuModel.swift in Sources */ = {isa = PBXBuildFile; fileRef = CF2916C62C5BA756001780F4 /* SudokuModel.swift */; };
		CF2916C92C5D1968001780F4 /* Solutions.swift in Sources */ = {isa = PBXBuildFile; fileRef = CF2916C82C5D1968001780F4 /* Solutions.swift */; };
		CF2916CB2C5D1D0A001780F4 /* Constants.swift in Sources */ = {isa = PBXBuildFile; fileRef = CF2916CA2C5D1D0A001780F4 /* Constants.swift */; };
		CF2916CD2C5E1EA1001780F4 /* GridView.swift in Sources */ = {isa = PBXBuildFile; fileRef = CF2916CC2C5E1EA1001780F4 /* GridView.swift */; };
		CF2916D12C5E341C001780F4 /* KeyboardView.swift in Sources */ = {isa = PBXBuildFile; fileRef = CF2916D02C5E341C001780F4 /* KeyboardView.swift */; };
		CF2916D32C5FAC00001780F4 /* Settings.swift in Sources */ = {isa = PBXBuildFile; fileRef = CF2916D22C5FAC00001780F4 /* Settings.swift */; };
		CF2916D52C5FB945001780F4 /* InfoBarView.swift in Sources */ = {isa = PBXBuildFile; fileRef = CF2916D42C5FB945001780F4 /* InfoBarView.swift */; };
		CF2916D72C5FBA91001780F4 /* GameView.swift in Sources */ = {isa = PBXBuildFile; fileRef = CF2916D62C5FBA91001780F4 /* GameView.swift */; };
		CF2916DF2C625A8A001780F4 /* SudokuSolutionTests.swift in Sources */ = {isa = PBXBuildFile; fileRef = CF2916DE2C625A8A001780F4 /* SudokuSolutionTests.swift */; };
		CF2916FD2C6375A1001780F4 /* Localizable.xcstrings in Resources */ = {isa = PBXBuildFile; fileRef = CF2916FB2C6374CA001780F4 /* Localizable.xcstrings */; };
		CF2917022C6375F1001780F4 /* SettingsView.swift in Sources */ = {isa = PBXBuildFile; fileRef = CF2916E52C6368EA001780F4 /* SettingsView.swift */; };
		CF2917042C638DBC001780F4 /* DifficultySelectionView.swift in Sources */ = {isa = PBXBuildFile; fileRef = CF2917032C638DBC001780F4 /* DifficultySelectionView.swift */; };
		CF2917062C638E0F001780F4 /* MenuButtonsView.swift in Sources */ = {isa = PBXBuildFile; fileRef = CF2917052C638E0F001780F4 /* MenuButtonsView.swift */; };
		CF2917082C638EAA001780F4 /* MenuView.swift in Sources */ = {isa = PBXBuildFile; fileRef = CF2917072C638EAA001780F4 /* MenuView.swift */; };
		CF29170A2C649573001780F4 /* GameCompleteView.swift in Sources */ = {isa = PBXBuildFile; fileRef = CF2917092C649573001780F4 /* GameCompleteView.swift */; };
		CF29170C2C64E90C001780F4 /* Helper.swift in Sources */ = {isa = PBXBuildFile; fileRef = CF29170B2C64E90C001780F4 /* Helper.swift */; };
		CF2917102C6506B8001780F4 /* StatisticsView.swift in Sources */ = {isa = PBXBuildFile; fileRef = CF29170F2C6506B8001780F4 /* StatisticsView.swift */; };
		CF2917132C6775AC001780F4 /* DataController.swift in Sources */ = {isa = PBXBuildFile; fileRef = CF2917122C6775AC001780F4 /* DataController.swift */; };
		CF2917162C6775E3001780F4 /* StatisticsModel.xcdatamodeld in Sources */ = {isa = PBXBuildFile; fileRef = CF2917142C6775E3001780F4 /* StatisticsModel.xcdatamodeld */; };
/* End PBXBuildFile section */

/* Begin PBXContainerItemProxy section */
		CF2916E02C625A8A001780F4 /* PBXContainerItemProxy */ = {
			isa = PBXContainerItemProxy;
			containerPortal = CF2916A92C5BA5BD001780F4 /* Project object */;
			proxyType = 1;
			remoteGlobalIDString = CF2916B02C5BA5BD001780F4;
			remoteInfo = Sudoku;
		};
/* End PBXContainerItemProxy section */

/* Begin PBXFileReference section */
		CF2916B12C5BA5BD001780F4 /* Sudoku.app */ = {isa = PBXFileReference; explicitFileType = wrapper.application; includeInIndex = 0; path = Sudoku.app; sourceTree = BUILT_PRODUCTS_DIR; };
		CF2916B42C5BA5BD001780F4 /* SudokuApp.swift */ = {isa = PBXFileReference; lastKnownFileType = sourcecode.swift; path = SudokuApp.swift; sourceTree = "<group>"; };
		CF2916B62C5BA5BD001780F4 /* ContentView.swift */ = {isa = PBXFileReference; lastKnownFileType = sourcecode.swift; path = ContentView.swift; sourceTree = "<group>"; };
		CF2916B82C5BA5BF001780F4 /* Assets.xcassets */ = {isa = PBXFileReference; lastKnownFileType = folder.assetcatalog; path = Assets.xcassets; sourceTree = "<group>"; };
		CF2916BB2C5BA5BF001780F4 /* Preview Assets.xcassets */ = {isa = PBXFileReference; lastKnownFileType = folder.assetcatalog; path = "Preview Assets.xcassets"; sourceTree = "<group>"; };
		CF2916C62C5BA756001780F4 /* SudokuModel.swift */ = {isa = PBXFileReference; lastKnownFileType = sourcecode.swift; path = SudokuModel.swift; sourceTree = "<group>"; };
		CF2916C82C5D1968001780F4 /* Solutions.swift */ = {isa = PBXFileReference; lastKnownFileType = sourcecode.swift; path = Solutions.swift; sourceTree = "<group>"; };
		CF2916CA2C5D1D0A001780F4 /* Constants.swift */ = {isa = PBXFileReference; lastKnownFileType = sourcecode.swift; path = Constants.swift; sourceTree = "<group>"; };
		CF2916CC2C5E1EA1001780F4 /* GridView.swift */ = {isa = PBXFileReference; lastKnownFileType = sourcecode.swift; path = GridView.swift; sourceTree = "<group>"; };
		CF2916D02C5E341C001780F4 /* KeyboardView.swift */ = {isa = PBXFileReference; lastKnownFileType = sourcecode.swift; path = KeyboardView.swift; sourceTree = "<group>"; };
		CF2916D22C5FAC00001780F4 /* Settings.swift */ = {isa = PBXFileReference; lastKnownFileType = sourcecode.swift; path = Settings.swift; sourceTree = "<group>"; };
		CF2916D42C5FB945001780F4 /* InfoBarView.swift */ = {isa = PBXFileReference; lastKnownFileType = sourcecode.swift; path = InfoBarView.swift; sourceTree = "<group>"; };
		CF2916D62C5FBA91001780F4 /* GameView.swift */ = {isa = PBXFileReference; lastKnownFileType = sourcecode.swift; path = GameView.swift; sourceTree = "<group>"; };
		CF2916DC2C625A8A001780F4 /* SudokuTests.xctest */ = {isa = PBXFileReference; explicitFileType = wrapper.cfbundle; includeInIndex = 0; path = SudokuTests.xctest; sourceTree = BUILT_PRODUCTS_DIR; };
		CF2916DE2C625A8A001780F4 /* SudokuSolutionTests.swift */ = {isa = PBXFileReference; lastKnownFileType = sourcecode.swift; path = SudokuSolutionTests.swift; sourceTree = "<group>"; };
		CF2916E52C6368EA001780F4 /* SettingsView.swift */ = {isa = PBXFileReference; lastKnownFileType = sourcecode.swift; path = SettingsView.swift; sourceTree = "<group>"; };
		CF2916FB2C6374CA001780F4 /* Localizable.xcstrings */ = {isa = PBXFileReference; lastKnownFileType = text.json.xcstrings; path = Localizable.xcstrings; sourceTree = "<group>"; };
		CF2917032C638DBC001780F4 /* DifficultySelectionView.swift */ = {isa = PBXFileReference; lastKnownFileType = sourcecode.swift; path = DifficultySelectionView.swift; sourceTree = "<group>"; };
		CF2917052C638E0F001780F4 /* MenuButtonsView.swift */ = {isa = PBXFileReference; lastKnownFileType = sourcecode.swift; path = MenuButtonsView.swift; sourceTree = "<group>"; };
		CF2917072C638EAA001780F4 /* MenuView.swift */ = {isa = PBXFileReference; lastKnownFileType = sourcecode.swift; path = MenuView.swift; sourceTree = "<group>"; };
		CF2917092C649573001780F4 /* GameCompleteView.swift */ = {isa = PBXFileReference; lastKnownFileType = sourcecode.swift; path = GameCompleteView.swift; sourceTree = "<group>"; };
		CF29170B2C64E90C001780F4 /* Helper.swift */ = {isa = PBXFileReference; lastKnownFileType = sourcecode.swift; path = Helper.swift; sourceTree = "<group>"; };
		CF29170F2C6506B8001780F4 /* StatisticsView.swift */ = {isa = PBXFileReference; lastKnownFileType = sourcecode.swift; path = StatisticsView.swift; sourceTree = "<group>"; };
		CF2917122C6775AC001780F4 /* DataController.swift */ = {isa = PBXFileReference; lastKnownFileType = sourcecode.swift; path = DataController.swift; sourceTree = "<group>"; };
		CF2917152C6775E3001780F4 /* StatisticsModel.xcdatamodel */ = {isa = PBXFileReference; lastKnownFileType = wrapper.xcdatamodel; path = StatisticsModel.xcdatamodel; sourceTree = "<group>"; };
/* End PBXFileReference section */

/* Begin PBXFrameworksBuildPhase section */
		CF2916AE2C5BA5BD001780F4 /* Frameworks */ = {
			isa = PBXFrameworksBuildPhase;
			buildActionMask = 2147483647;
			files = (
			);
			runOnlyForDeploymentPostprocessing = 0;
		};
		CF2916D92C625A8A001780F4 /* Frameworks */ = {
			isa = PBXFrameworksBuildPhase;
			buildActionMask = 2147483647;
			files = (
			);
			runOnlyForDeploymentPostprocessing = 0;
		};
/* End PBXFrameworksBuildPhase section */

/* Begin PBXGroup section */
		CF2916A82C5BA5BD001780F4 = {
			isa = PBXGroup;
			children = (
				CF2916B32C5BA5BD001780F4 /* Sudoku */,
				CF2916DD2C625A8A001780F4 /* SudokuTests */,
				CF2916B22C5BA5BD001780F4 /* Products */,
			);
			sourceTree = "<group>";
		};
		CF2916B22C5BA5BD001780F4 /* Products */ = {
			isa = PBXGroup;
			children = (
				CF2916B12C5BA5BD001780F4 /* Sudoku.app */,
				CF2916DC2C625A8A001780F4 /* SudokuTests.xctest */,
			);
			name = Products;
			sourceTree = "<group>";
		};
		CF2916B32C5BA5BD001780F4 /* Sudoku */ = {
			isa = PBXGroup;
			children = (
				CF2916B42C5BA5BD001780F4 /* SudokuApp.swift */,
				CF2916C22C5BA5CD001780F4 /* Model */,
				CF2916C32C5BA5D1001780F4 /* View */,
				CF2917112C67756F001780F4 /* DataModel */,
				CF2916B82C5BA5BF001780F4 /* Assets.xcassets */,
				CF2916BA2C5BA5BF001780F4 /* Preview Content */,
				CF2916FB2C6374CA001780F4 /* Localizable.xcstrings */,
			);
			path = Sudoku;
			sourceTree = "<group>";
		};
		CF2916BA2C5BA5BF001780F4 /* Preview Content */ = {
			isa = PBXGroup;
			children = (
				CF2916BB2C5BA5BF001780F4 /* Preview Assets.xcassets */,
			);
			path = "Preview Content";
			sourceTree = "<group>";
		};
		CF2916C22C5BA5CD001780F4 /* Model */ = {
			isa = PBXGroup;
			children = (
				CF2916C62C5BA756001780F4 /* SudokuModel.swift */,
				CF2916C82C5D1968001780F4 /* Solutions.swift */,
				CF2916D22C5FAC00001780F4 /* Settings.swift */,
				CF29170B2C64E90C001780F4 /* Helper.swift */,
				CF2916CA2C5D1D0A001780F4 /* Constants.swift */,
			);
			path = Model;
			sourceTree = "<group>";
		};
		CF2916C32C5BA5D1001780F4 /* View */ = {
			isa = PBXGroup;
			children = (
				CF2916CE2C5E337F001780F4 /* Main */,
				CF2916CF2C5E3383001780F4 /* Components */,
			);
			path = View;
			sourceTree = "<group>";
		};
		CF2916CE2C5E337F001780F4 /* Main */ = {
			isa = PBXGroup;
			children = (
				CF2916B62C5BA5BD001780F4 /* ContentView.swift */,
				CF2917072C638EAA001780F4 /* MenuView.swift */,
				CF2916D62C5FBA91001780F4 /* GameView.swift */,
				CF2917092C649573001780F4 /* GameCompleteView.swift */,
				CF29170F2C6506B8001780F4 /* StatisticsView.swift */,
				CF2916E52C6368EA001780F4 /* SettingsView.swift */,
			);
			path = Main;
			sourceTree = "<group>";
		};
		CF2916CF2C5E3383001780F4 /* Components */ = {
			isa = PBXGroup;
			children = (
				CF2917052C638E0F001780F4 /* MenuButtonsView.swift */,
				CF2917032C638DBC001780F4 /* DifficultySelectionView.swift */,
				CF2916D42C5FB945001780F4 /* InfoBarView.swift */,
				CF2916CC2C5E1EA1001780F4 /* GridView.swift */,
				CF2916D02C5E341C001780F4 /* KeyboardView.swift */,
			);
			path = Components;
			sourceTree = "<group>";
		};
		CF2916DD2C625A8A001780F4 /* SudokuTests */ = {
			isa = PBXGroup;
			children = (
				CF2916DE2C625A8A001780F4 /* SudokuSolutionTests.swift */,
			);
			path = SudokuTests;
			sourceTree = "<group>";
		};
		CF2917112C67756F001780F4 /* DataModel */ = {
			isa = PBXGroup;
			children = (
				CF2917142C6775E3001780F4 /* StatisticsModel.xcdatamodeld */,
				CF2917122C6775AC001780F4 /* DataController.swift */,
			);
			path = DataModel;
			sourceTree = "<group>";
		};
/* End PBXGroup section */

/* Begin PBXNativeTarget section */
		CF2916B02C5BA5BD001780F4 /* Sudoku */ = {
			isa = PBXNativeTarget;
			buildConfigurationList = CF2916BF2C5BA5BF001780F4 /* Build configuration list for PBXNativeTarget "Sudoku" */;
			buildPhases = (
				CF2916AD2C5BA5BD001780F4 /* Sources */,
				CF2916AE2C5BA5BD001780F4 /* Frameworks */,
				CF2916AF2C5BA5BD001780F4 /* Resources */,
			);
			buildRules = (
			);
			dependencies = (
			);
			name = Sudoku;
			productName = Sudoku;
			productReference = CF2916B12C5BA5BD001780F4 /* Sudoku.app */;
			productType = "com.apple.product-type.application";
		};
		CF2916DB2C625A8A001780F4 /* SudokuTests */ = {
			isa = PBXNativeTarget;
			buildConfigurationList = CF2916E42C625A8A001780F4 /* Build configuration list for PBXNativeTarget "SudokuTests" */;
			buildPhases = (
				CF2916D82C625A8A001780F4 /* Sources */,
				CF2916D92C625A8A001780F4 /* Frameworks */,
				CF2916DA2C625A8A001780F4 /* Resources */,
			);
			buildRules = (
			);
			dependencies = (
				CF2916E12C625A8A001780F4 /* PBXTargetDependency */,
			);
			name = SudokuTests;
			productName = SudokuTests;
			productReference = CF2916DC2C625A8A001780F4 /* SudokuTests.xctest */;
			productType = "com.apple.product-type.bundle.unit-test";
		};
/* End PBXNativeTarget section */

/* Begin PBXProject section */
		CF2916A92C5BA5BD001780F4 /* Project object */ = {
			isa = PBXProject;
			attributes = {
				BuildIndependentTargetsInParallel = 1;
				LastSwiftUpdateCheck = 1540;
				LastUpgradeCheck = 1540;
				TargetAttributes = {
					CF2916B02C5BA5BD001780F4 = {
						CreatedOnToolsVersion = 15.4;
					};
					CF2916DB2C625A8A001780F4 = {
						CreatedOnToolsVersion = 15.4;
						TestTargetID = CF2916B02C5BA5BD001780F4;
					};
				};
			};
			buildConfigurationList = CF2916AC2C5BA5BD001780F4 /* Build configuration list for PBXProject "Sudoku" */;
			compatibilityVersion = "Xcode 14.0";
			developmentRegion = en;
			hasScannedForEncodings = 0;
			knownRegions = (
				en,
				Base,
				ja,
			);
			mainGroup = CF2916A82C5BA5BD001780F4;
			productRefGroup = CF2916B22C5BA5BD001780F4 /* Products */;
			projectDirPath = "";
			projectRoot = "";
			targets = (
				CF2916B02C5BA5BD001780F4 /* Sudoku */,
				CF2916DB2C625A8A001780F4 /* SudokuTests */,
			);
		};
/* End PBXProject section */

/* Begin PBXResourcesBuildPhase section */
		CF2916AF2C5BA5BD001780F4 /* Resources */ = {
			isa = PBXResourcesBuildPhase;
			buildActionMask = 2147483647;
			files = (
				CF2916BC2C5BA5BF001780F4 /* Preview Assets.xcassets in Resources */,
				CF2916B92C5BA5BF001780F4 /* Assets.xcassets in Resources */,
				CF2916FD2C6375A1001780F4 /* Localizable.xcstrings in Resources */,
			);
			runOnlyForDeploymentPostprocessing = 0;
		};
		CF2916DA2C625A8A001780F4 /* Resources */ = {
			isa = PBXResourcesBuildPhase;
			buildActionMask = 2147483647;
			files = (
			);
			runOnlyForDeploymentPostprocessing = 0;
		};
/* End PBXResourcesBuildPhase section */

/* Begin PBXSourcesBuildPhase section */
		CF2916AD2C5BA5BD001780F4 /* Sources */ = {
			isa = PBXSourcesBuildPhase;
			buildActionMask = 2147483647;
			files = (
				CF2916CB2C5D1D0A001780F4 /* Constants.swift in Sources */,
				CF2916C72C5BA756001780F4 /* SudokuModel.swift in Sources */,
				CF2916D12C5E341C001780F4 /* KeyboardView.swift in Sources */,
				CF29170A2C649573001780F4 /* GameCompleteView.swift in Sources */,
				CF2916D52C5FB945001780F4 /* InfoBarView.swift in Sources */,
				CF2917042C638DBC001780F4 /* DifficultySelectionView.swift in Sources */,
				CF2916D72C5FBA91001780F4 /* GameView.swift in Sources */,
				CF29170C2C64E90C001780F4 /* Helper.swift in Sources */,
				CF2916B72C5BA5BD001780F4 /* ContentView.swift in Sources */,
				CF2917082C638EAA001780F4 /* MenuView.swift in Sources */,
				CF2917162C6775E3001780F4 /* StatisticsModel.xcdatamodeld in Sources */,
				CF2916C92C5D1968001780F4 /* Solutions.swift in Sources */,
				CF2916CD2C5E1EA1001780F4 /* GridView.swift in Sources */,
				CF2916D32C5FAC00001780F4 /* Settings.swift in Sources */,
				CF2917132C6775AC001780F4 /* DataController.swift in Sources */,
				CF2917102C6506B8001780F4 /* StatisticsView.swift in Sources */,
				CF2917062C638E0F001780F4 /* MenuButtonsView.swift in Sources */,
				CF2916B52C5BA5BD001780F4 /* SudokuApp.swift in Sources */,
				CF2917022C6375F1001780F4 /* SettingsView.swift in Sources */,
			);
			runOnlyForDeploymentPostprocessing = 0;
		};
		CF2916D82C625A8A001780F4 /* Sources */ = {
			isa = PBXSourcesBuildPhase;
			buildActionMask = 2147483647;
			files = (
				CF2916DF2C625A8A001780F4 /* SudokuSolutionTests.swift in Sources */,
			);
			runOnlyForDeploymentPostprocessing = 0;
		};
/* End PBXSourcesBuildPhase section */

/* Begin PBXTargetDependency section */
		CF2916E12C625A8A001780F4 /* PBXTargetDependency */ = {
			isa = PBXTargetDependency;
			target = CF2916B02C5BA5BD001780F4 /* Sudoku */;
			targetProxy = CF2916E02C625A8A001780F4 /* PBXContainerItemProxy */;
		};
/* End PBXTargetDependency section */

/* Begin XCBuildConfiguration section */
		CF2916BD2C5BA5BF001780F4 /* Debug */ = {
			isa = XCBuildConfiguration;
			buildSettings = {
				ALWAYS_SEARCH_USER_PATHS = NO;
				ASSETCATALOG_COMPILER_GENERATE_SWIFT_ASSET_SYMBOL_EXTENSIONS = YES;
				CLANG_ANALYZER_NONNULL = YES;
				CLANG_ANALYZER_NUMBER_OBJECT_CONVERSION = YES_AGGRESSIVE;
				CLANG_CXX_LANGUAGE_STANDARD = "gnu++20";
				CLANG_ENABLE_MODULES = YES;
				CLANG_ENABLE_OBJC_ARC = YES;
				CLANG_ENABLE_OBJC_WEAK = YES;
				CLANG_WARN_BLOCK_CAPTURE_AUTORELEASING = YES;
				CLANG_WARN_BOOL_CONVERSION = YES;
				CLANG_WARN_COMMA = YES;
				CLANG_WARN_CONSTANT_CONVERSION = YES;
				CLANG_WARN_DEPRECATED_OBJC_IMPLEMENTATIONS = YES;
				CLANG_WARN_DIRECT_OBJC_ISA_USAGE = YES_ERROR;
				CLANG_WARN_DOCUMENTATION_COMMENTS = YES;
				CLANG_WARN_EMPTY_BODY = YES;
				CLANG_WARN_ENUM_CONVERSION = YES;
				CLANG_WARN_INFINITE_RECURSION = YES;
				CLANG_WARN_INT_CONVERSION = YES;
				CLANG_WARN_NON_LITERAL_NULL_CONVERSION = YES;
				CLANG_WARN_OBJC_IMPLICIT_RETAIN_SELF = YES;
				CLANG_WARN_OBJC_LITERAL_CONVERSION = YES;
				CLANG_WARN_OBJC_ROOT_CLASS = YES_ERROR;
				CLANG_WARN_QUOTED_INCLUDE_IN_FRAMEWORK_HEADER = YES;
				CLANG_WARN_RANGE_LOOP_ANALYSIS = YES;
				CLANG_WARN_STRICT_PROTOTYPES = YES;
				CLANG_WARN_SUSPICIOUS_MOVE = YES;
				CLANG_WARN_UNGUARDED_AVAILABILITY = YES_AGGRESSIVE;
				CLANG_WARN_UNREACHABLE_CODE = YES;
				CLANG_WARN__DUPLICATE_METHOD_MATCH = YES;
				COPY_PHASE_STRIP = NO;
				DEBUG_INFORMATION_FORMAT = dwarf;
				ENABLE_STRICT_OBJC_MSGSEND = YES;
				ENABLE_TESTABILITY = YES;
				ENABLE_USER_SCRIPT_SANDBOXING = YES;
				GCC_C_LANGUAGE_STANDARD = gnu17;
				GCC_DYNAMIC_NO_PIC = NO;
				GCC_NO_COMMON_BLOCKS = YES;
				GCC_OPTIMIZATION_LEVEL = 0;
				GCC_PREPROCESSOR_DEFINITIONS = (
					"DEBUG=1",
					"$(inherited)",
				);
				GCC_WARN_64_TO_32_BIT_CONVERSION = YES;
				GCC_WARN_ABOUT_RETURN_TYPE = YES_ERROR;
				GCC_WARN_UNDECLARED_SELECTOR = YES;
				GCC_WARN_UNINITIALIZED_AUTOS = YES_AGGRESSIVE;
				GCC_WARN_UNUSED_FUNCTION = YES;
				GCC_WARN_UNUSED_VARIABLE = YES;
				IPHONEOS_DEPLOYMENT_TARGET = 17.5;
				LOCALIZATION_PREFERS_STRING_CATALOGS = YES;
				MTL_ENABLE_DEBUG_INFO = INCLUDE_SOURCE;
				MTL_FAST_MATH = YES;
				ONLY_ACTIVE_ARCH = YES;
				SDKROOT = iphoneos;
				SWIFT_ACTIVE_COMPILATION_CONDITIONS = "DEBUG $(inherited)";
				SWIFT_OPTIMIZATION_LEVEL = "-Onone";
			};
			name = Debug;
		};
		CF2916BE2C5BA5BF001780F4 /* Release */ = {
			isa = XCBuildConfiguration;
			buildSettings = {
				ALWAYS_SEARCH_USER_PATHS = NO;
				ASSETCATALOG_COMPILER_GENERATE_SWIFT_ASSET_SYMBOL_EXTENSIONS = YES;
				CLANG_ANALYZER_NONNULL = YES;
				CLANG_ANALYZER_NUMBER_OBJECT_CONVERSION = YES_AGGRESSIVE;
				CLANG_CXX_LANGUAGE_STANDARD = "gnu++20";
				CLANG_ENABLE_MODULES = YES;
				CLANG_ENABLE_OBJC_ARC = YES;
				CLANG_ENABLE_OBJC_WEAK = YES;
				CLANG_WARN_BLOCK_CAPTURE_AUTORELEASING = YES;
				CLANG_WARN_BOOL_CONVERSION = YES;
				CLANG_WARN_COMMA = YES;
				CLANG_WARN_CONSTANT_CONVERSION = YES;
				CLANG_WARN_DEPRECATED_OBJC_IMPLEMENTATIONS = YES;
				CLANG_WARN_DIRECT_OBJC_ISA_USAGE = YES_ERROR;
				CLANG_WARN_DOCUMENTATION_COMMENTS = YES;
				CLANG_WARN_EMPTY_BODY = YES;
				CLANG_WARN_ENUM_CONVERSION = YES;
				CLANG_WARN_INFINITE_RECURSION = YES;
				CLANG_WARN_INT_CONVERSION = YES;
				CLANG_WARN_NON_LITERAL_NULL_CONVERSION = YES;
				CLANG_WARN_OBJC_IMPLICIT_RETAIN_SELF = YES;
				CLANG_WARN_OBJC_LITERAL_CONVERSION = YES;
				CLANG_WARN_OBJC_ROOT_CLASS = YES_ERROR;
				CLANG_WARN_QUOTED_INCLUDE_IN_FRAMEWORK_HEADER = YES;
				CLANG_WARN_RANGE_LOOP_ANALYSIS = YES;
				CLANG_WARN_STRICT_PROTOTYPES = YES;
				CLANG_WARN_SUSPICIOUS_MOVE = YES;
				CLANG_WARN_UNGUARDED_AVAILABILITY = YES_AGGRESSIVE;
				CLANG_WARN_UNREACHABLE_CODE = YES;
				CLANG_WARN__DUPLICATE_METHOD_MATCH = YES;
				COPY_PHASE_STRIP = NO;
				DEBUG_INFORMATION_FORMAT = "dwarf-with-dsym";
				ENABLE_NS_ASSERTIONS = NO;
				ENABLE_STRICT_OBJC_MSGSEND = YES;
				ENABLE_USER_SCRIPT_SANDBOXING = YES;
				GCC_C_LANGUAGE_STANDARD = gnu17;
				GCC_NO_COMMON_BLOCKS = YES;
				GCC_WARN_64_TO_32_BIT_CONVERSION = YES;
				GCC_WARN_ABOUT_RETURN_TYPE = YES_ERROR;
				GCC_WARN_UNDECLARED_SELECTOR = YES;
				GCC_WARN_UNINITIALIZED_AUTOS = YES_AGGRESSIVE;
				GCC_WARN_UNUSED_FUNCTION = YES;
				GCC_WARN_UNUSED_VARIABLE = YES;
				IPHONEOS_DEPLOYMENT_TARGET = 17.5;
				LOCALIZATION_PREFERS_STRING_CATALOGS = YES;
				MTL_ENABLE_DEBUG_INFO = NO;
				MTL_FAST_MATH = YES;
				SDKROOT = iphoneos;
				SWIFT_COMPILATION_MODE = wholemodule;
				VALIDATE_PRODUCT = YES;
			};
			name = Release;
		};
		CF2916C02C5BA5BF001780F4 /* Debug */ = {
			isa = XCBuildConfiguration;
			buildSettings = {
				ASSETCATALOG_COMPILER_APPICON_NAME = AppIcon;
				ASSETCATALOG_COMPILER_GLOBAL_ACCENT_COLOR_NAME = AccentColor;
				CODE_SIGN_STYLE = Automatic;
				CURRENT_PROJECT_VERSION = 1;
				DEVELOPMENT_ASSET_PATHS = "\"Sudoku/Preview Content\"";
				DEVELOPMENT_TEAM = 373ZLR7H4M;
				ENABLE_PREVIEWS = YES;
				GENERATE_INFOPLIST_FILE = YES;
				INFOPLIST_KEY_UIApplicationSceneManifest_Generation = YES;
				INFOPLIST_KEY_UIApplicationSupportsIndirectInputEvents = YES;
				INFOPLIST_KEY_UILaunchScreen_Generation = YES;
				INFOPLIST_KEY_UISupportedInterfaceOrientations_iPad = "UIInterfaceOrientationPortrait UIInterfaceOrientationPortraitUpsideDown UIInterfaceOrientationLandscapeLeft UIInterfaceOrientationLandscapeRight";
				INFOPLIST_KEY_UISupportedInterfaceOrientations_iPhone = "UIInterfaceOrientationPortrait UIInterfaceOrientationLandscapeLeft UIInterfaceOrientationLandscapeRight";
				LD_RUNPATH_SEARCH_PATHS = (
					"$(inherited)",
					"@executable_path/Frameworks",
				);
				MARKETING_VERSION = 1.0;
				PRODUCT_BUNDLE_IDENTIFIER = Personal.Sudoku;
				PRODUCT_NAME = "$(TARGET_NAME)";
				SWIFT_EMIT_LOC_STRINGS = YES;
				SWIFT_VERSION = 5.0;
				TARGETED_DEVICE_FAMILY = "1,2";
			};
			name = Debug;
		};
		CF2916C12C5BA5BF001780F4 /* Release */ = {
			isa = XCBuildConfiguration;
			buildSettings = {
				ASSETCATALOG_COMPILER_APPICON_NAME = AppIcon;
				ASSETCATALOG_COMPILER_GLOBAL_ACCENT_COLOR_NAME = AccentColor;
				CODE_SIGN_STYLE = Automatic;
				CURRENT_PROJECT_VERSION = 1;
				DEVELOPMENT_ASSET_PATHS = "\"Sudoku/Preview Content\"";
				DEVELOPMENT_TEAM = 373ZLR7H4M;
				ENABLE_PREVIEWS = YES;
				GENERATE_INFOPLIST_FILE = YES;
				INFOPLIST_KEY_UIApplicationSceneManifest_Generation = YES;
				INFOPLIST_KEY_UIApplicationSupportsIndirectInputEvents = YES;
				INFOPLIST_KEY_UILaunchScreen_Generation = YES;
				INFOPLIST_KEY_UISupportedInterfaceOrientations_iPad = "UIInterfaceOrientationPortrait UIInterfaceOrientationPortraitUpsideDown UIInterfaceOrientationLandscapeLeft UIInterfaceOrientationLandscapeRight";
				INFOPLIST_KEY_UISupportedInterfaceOrientations_iPhone = "UIInterfaceOrientationPortrait UIInterfaceOrientationLandscapeLeft UIInterfaceOrientationLandscapeRight";
				LD_RUNPATH_SEARCH_PATHS = (
					"$(inherited)",
					"@executable_path/Frameworks",
				);
				MARKETING_VERSION = 1.0;
				PRODUCT_BUNDLE_IDENTIFIER = Personal.Sudoku;
				PRODUCT_NAME = "$(TARGET_NAME)";
				SWIFT_EMIT_LOC_STRINGS = YES;
				SWIFT_VERSION = 5.0;
				TARGETED_DEVICE_FAMILY = "1,2";
			};
			name = Release;
		};
		CF2916E22C625A8A001780F4 /* Debug */ = {
			isa = XCBuildConfiguration;
			buildSettings = {
				BUNDLE_LOADER = "$(TEST_HOST)";
				CODE_SIGN_STYLE = Automatic;
				CURRENT_PROJECT_VERSION = 1;
				DEVELOPMENT_TEAM = 373ZLR7H4M;
				GENERATE_INFOPLIST_FILE = YES;
				MARKETING_VERSION = 1.0;
				PRODUCT_BUNDLE_IDENTIFIER = Personal.SudokuTests;
				PRODUCT_NAME = "$(TARGET_NAME)";
				SWIFT_EMIT_LOC_STRINGS = NO;
				SWIFT_VERSION = 5.0;
				TARGETED_DEVICE_FAMILY = "1,2";
				TEST_HOST = "$(BUILT_PRODUCTS_DIR)/Sudoku.app/$(BUNDLE_EXECUTABLE_FOLDER_PATH)/Sudoku";
			};
			name = Debug;
		};
		CF2916E32C625A8A001780F4 /* Release */ = {
			isa = XCBuildConfiguration;
			buildSettings = {
				BUNDLE_LOADER = "$(TEST_HOST)";
				CODE_SIGN_STYLE = Automatic;
				CURRENT_PROJECT_VERSION = 1;
				DEVELOPMENT_TEAM = 373ZLR7H4M;
				GENERATE_INFOPLIST_FILE = YES;
				MARKETING_VERSION = 1.0;
				PRODUCT_BUNDLE_IDENTIFIER = Personal.SudokuTests;
				PRODUCT_NAME = "$(TARGET_NAME)";
				SWIFT_EMIT_LOC_STRINGS = NO;
				SWIFT_VERSION = 5.0;
				TARGETED_DEVICE_FAMILY = "1,2";
				TEST_HOST = "$(BUILT_PRODUCTS_DIR)/Sudoku.app/$(BUNDLE_EXECUTABLE_FOLDER_PATH)/Sudoku";
			};
			name = Release;
		};
/* End XCBuildConfiguration section */

/* Begin XCConfigurationList section */
		CF2916AC2C5BA5BD001780F4 /* Build configuration list for PBXProject "Sudoku" */ = {
			isa = XCConfigurationList;
			buildConfigurations = (
				CF2916BD2C5BA5BF001780F4 /* Debug */,
				CF2916BE2C5BA5BF001780F4 /* Release */,
			);
			defaultConfigurationIsVisible = 0;
			defaultConfigurationName = Release;
		};
		CF2916BF2C5BA5BF001780F4 /* Build configuration list for PBXNativeTarget "Sudoku" */ = {
			isa = XCConfigurationList;
			buildConfigurations = (
				CF2916C02C5BA5BF001780F4 /* Debug */,
				CF2916C12C5BA5BF001780F4 /* Release */,
			);
			defaultConfigurationIsVisible = 0;
			defaultConfigurationName = Release;
		};
		CF2916E42C625A8A001780F4 /* Build configuration list for PBXNativeTarget "SudokuTests" */ = {
			isa = XCConfigurationList;
			buildConfigurations = (
				CF2916E22C625A8A001780F4 /* Debug */,
				CF2916E32C625A8A001780F4 /* Release */,
			);
			defaultConfigurationIsVisible = 0;
			defaultConfigurationName = Release;
		};
/* End XCConfigurationList section */

/* Begin XCVersionGroup section */
		CF2917142C6775E3001780F4 /* StatisticsModel.xcdatamodeld */ = {
			isa = XCVersionGroup;
			children = (
				CF2917152C6775E3001780F4 /* StatisticsModel.xcdatamodel */,
			);
			currentVersion = CF2917152C6775E3001780F4 /* StatisticsModel.xcdatamodel */;
			name = StatisticsModel.xcdatamodeld;
			path = "/Users/kakzw/Library/CloudStorage/OneDrive-Personal/Programming/SwiftUI/Sudoku/Sudoku/DataModel/StatisticsModel.xcdatamodeld";
			sourceTree = "<group>";
			versionGroupType = wrapper.xcdatamodel;
		};
/* End XCVersionGroup section */
	};
	rootObject = CF2916A92C5BA5BD001780F4 /* Project object */;
}
